
Microsoft Visual Studio Solution File, Format Version 12.00
# Visual Studio 2013
VisualStudioVersion = 12.0.30723.0
MinimumVisualStudioVersion = 10.0.40219.1
Project("{9092AA53-FB77-4645-B42D-1CCCA6BD08BD}") = "Loops", "Loops\Loops.njsproj", "{689F2563-6569-4964-B3AC-2499AB0B46D4}"
EndProject
Global
	GlobalSection(SolutionConfigurationPlatforms) = preSolution
		Debug|Any CPU = Debug|Any CPU
		Release|Any CPU = Release|Any CPU
	EndGlobalSection
	GlobalSection(ProjectConfigurationPlatforms) = postSolution
		{689F2563-6569-4964-B3AC-2499AB0B46D4}.Debug|Any CPU.ActiveCfg = Debug|Any CPU
		{689F2563-6569-4964-B3AC-2499AB0B46D4}.Debug|Any CPU.Build.0 = Debug|Any CPU
		{689F2563-6569-4964-B3AC-2499AB0B46D4}.Release|Any CPU.ActiveCfg = Release|Any CPU
		{689F2563-6569-4964-B3AC-2499AB0B46D4}.Release|Any CPU.Build.0 = Release|Any CPU
	EndGlobalSection
	GlobalSection(SolutionProperties) = preSolution
		HideSolutionNode = FALSE
	EndGlobalSection
EndGlobal
